
Microsoft Visual Studio Solution File, Format Version 12.00
# Visual Studio Version 16
VisualStudioVersion = 16.0.28803.352
MinimumVisualStudioVersion = 10.0.40219.1
Project("{FAE04EC0-301F-11D3-BF4B-00C04F79EFBC}") = "Ado.net_Task 12.02", "Ado.net_Task 12.02\Ado.net_Task 12.02.csproj", "{2E8FBBC7-10D5-451C-85E9-AF81B8014BA9}"
EndProject
Global
	GlobalSection(SolutionConfigurationPlatforms) = preSolution
		Debug|Any CPU = Debug|Any CPU
		Release|Any CPU = Release|Any CPU
	EndGlobalSection
	GlobalSection(ProjectConfigurationPlatforms) = postSolution
		{2E8FBBC7-10D5-451C-85E9-AF81B8014BA9}.Debug|Any CPU.ActiveCfg = Debug|Any CPU
		{2E8FBBC7-10D5-451C-85E9-AF81B8014BA9}.Debug|Any CPU.Build.0 = Debug|Any CPU
		{2E8FBBC7-10D5-451C-85E9-AF81B8014BA9}.Release|Any CPU.ActiveCfg = Release|Any CPU
		{2E8FBBC7-10D5-451C-85E9-AF81B8014BA9}.Release|Any CPU.Build.0 = Release|Any CPU
	EndGlobalSection
	GlobalSection(SolutionProperties) = preSolution
		HideSolutionNode = FALSE
	EndGlobalSection
	GlobalSection(ExtensibilityGlobals) = postSolution
		SolutionGuid = {39727A3D-A26F-414D-845B-18AEBF12FB19}
	EndGlobalSection
EndGlobal
